
Microsoft Visual Studio Solution File, Format Version 12.00
# Visual Studio Version 17
VisualStudioVersion = 17.4.33205.214
MinimumVisualStudioVersion = 10.0.40219.1
Project("{FAE04EC0-301F-11D3-BF4B-00C04F79EFBC}") = "Desafio Kiltex", "Desafio Kiltex\Desafio Kiltex.csproj", "{C42CD810-8EC3-459A-873A-7423B1DF9194}"
EndProject
Global
	GlobalSection(SolutionConfigurationPlatforms) = preSolution
		Debug|Any CPU = Debug|Any CPU
		Release|Any CPU = Release|Any CPU
	EndGlobalSection
	GlobalSection(ProjectConfigurationPlatforms) = postSolution
		{C42CD810-8EC3-459A-873A-7423B1DF9194}.Debug|Any CPU.ActiveCfg = Debug|Any CPU
		{C42CD810-8EC3-459A-873A-7423B1DF9194}.Debug|Any CPU.Build.0 = Debug|Any CPU
		{C42CD810-8EC3-459A-873A-7423B1DF9194}.Release|Any CPU.ActiveCfg = Release|Any CPU
		{C42CD810-8EC3-459A-873A-7423B1DF9194}.Release|Any CPU.Build.0 = Release|Any CPU
	EndGlobalSection
	GlobalSection(SolutionProperties) = preSolution
		HideSolutionNode = FALSE
	EndGlobalSection
	GlobalSection(ExtensibilityGlobals) = postSolution
		SolutionGuid = {E8FB055B-79AE-4316-92E4-A03B50471173}
	EndGlobalSection
EndGlobal
